
Microsoft Visual Studio Solution File, Format Version 12.00
# Visual Studio Version 16
VisualStudioVersion = 16.0.30621.155
MinimumVisualStudioVersion = 10.0.40219.1
Project("{FAE04EC0-301F-11D3-BF4B-00C04F79EFBC}") = "Save-Coord-RAGE", "Save-Coord-RAGE\Save-Coord-RAGE.csproj", "{28092162-C69C-4480-B4A9-778845351C2D}"
EndProject
Global
	GlobalSection(SolutionConfigurationPlatforms) = preSolution
		Debug|Any CPU = Debug|Any CPU
		Release|Any CPU = Release|Any CPU
	EndGlobalSection
	GlobalSection(ProjectConfigurationPlatforms) = postSolution
		{28092162-C69C-4480-B4A9-778845351C2D}.Debug|Any CPU.ActiveCfg = Debug|Any CPU
		{28092162-C69C-4480-B4A9-778845351C2D}.Debug|Any CPU.Build.0 = Debug|Any CPU
		{28092162-C69C-4480-B4A9-778845351C2D}.Release|Any CPU.ActiveCfg = Release|Any CPU
		{28092162-C69C-4480-B4A9-778845351C2D}.Release|Any CPU.Build.0 = Release|Any CPU
	EndGlobalSection
	GlobalSection(SolutionProperties) = preSolution
		HideSolutionNode = FALSE
	EndGlobalSection
	GlobalSection(ExtensibilityGlobals) = postSolution
		SolutionGuid = {63279DFB-5FC0-4D40-892E-1EABA13F95A8}
	EndGlobalSection
EndGlobal
